// !$*UTF8*$!
{
	archiveVersion = 1;
	classes = {
	};
	objectVersion = 50;
	objects = {

/* Begin PBXBuildFile section */
		1D462FB522A13A8300163625 /* AppDelegate.m in Sources */ = {isa = PBXBuildFile; fileRef = 1D462FB422A13A8300163625 /* AppDelegate.m */; };
		1D462FB822A13A8300163625 /* ViewController.m in Sources */ = {isa = PBXBuildFile; fileRef = 1D462FB722A13A8300163625 /* ViewController.m */; };
		1D462FBB22A13A8300163625 /* Main.storyboard in Resources */ = {isa = PBXBuildFile; fileRef = 1D462FB922A13A8300163625 /* Main.storyboard */; };
		1D462FBD22A13A8600163625 /* Assets.xcassets in Resources */ = {isa = PBXBuildFile; fileRef = 1D462FBC22A13A8600163625 /* Assets.xcassets */; };
		1D462FC022A13A8600163625 /* LaunchScreen.storyboard in Resources */ = {isa = PBXBuildFile; fileRef = 1D462FBE22A13A8600163625 /* LaunchScreen.storyboard */; };
		1D462FC322A13A8600163625 /* main.m in Sources */ = {isa = PBXBuildFile; fileRef = 1D462FC222A13A8600163625 /* main.m */; };
		1D462FCE22A13BC100163625 /* rates2.json in Resources */ = {isa = PBXBuildFile; fileRef = 1D462FCA22A13BC100163625 /* rates2.json */; };
		1D462FCF22A13BC100163625 /* rates1.json in Resources */ = {isa = PBXBuildFile; fileRef = 1D462FCB22A13BC100163625 /* rates1.json */; };
		1D462FD022A13BC100163625 /* transactions1.json in Resources */ = {isa = PBXBuildFile; fileRef = 1D462FCC22A13BC100163625 /* transactions1.json */; };
		1D462FD122A13BC100163625 /* transactions2.json in Resources */ = {isa = PBXBuildFile; fileRef = 1D462FCD22A13BC100163625 /* transactions2.json */; };
/* End PBXBuildFile section */

/* Begin PBXFileReference section */
		1D462FB022A13A8300163625 /* passkey-assignment.app */ = {isa = PBXFileReference; explicitFileType = wrapper.application; includeInIndex = 0; path = "passkey-assignment.app"; sourceTree = BUILT_PRODUCTS_DIR; };
		1D462FB322A13A8300163625 /* AppDelegate.h */ = {isa = PBXFileReference; lastKnownFileType = sourcecode.c.h; path = AppDelegate.h; sourceTree = "<group>"; };
		1D462FB422A13A8300163625 /* AppDelegate.m */ = {isa = PBXFileReference; lastKnownFileType = sourcecode.c.objc; path = AppDelegate.m; sourceTree = "<group>"; };
		1D462FB622A13A8300163625 /* ViewController.h */ = {isa = PBXFileReference; lastKnownFileType = sourcecode.c.h; path = ViewController.h; sourceTree = "<group>"; };
		1D462FB722A13A8300163625 /* ViewController.m */ = {isa = PBXFileReference; lastKnownFileType = sourcecode.c.objc; path = ViewController.m; sourceTree = "<group>"; };
		1D462FBA22A13A8300163625 /* Base */ = {isa = PBXFileReference; lastKnownFileType = file.storyboard; name = Base; path = Base.lproj/Main.storyboard; sourceTree = "<group>"; };
		1D462FBC22A13A8600163625 /* Assets.xcassets */ = {isa = PBXFileReference; lastKnownFileType = folder.assetcatalog; path = Assets.xcassets; sourceTree = "<group>"; };
		1D462FBF22A13A8600163625 /* Base */ = {isa = PBXFileReference; lastKnownFileType = file.storyboard; name = Base; path = Base.lproj/LaunchScreen.storyboard; sourceTree = "<group>"; };
		1D462FC122A13A8600163625 /* Info.plist */ = {isa = PBXFileReference; lastKnownFileType = text.plist.xml; path = Info.plist; sourceTree = "<group>"; };
		1D462FC222A13A8600163625 /* main.m */ = {isa = PBXFileReference; lastKnownFileType = sourcecode.c.objc; path = main.m; sourceTree = "<group>"; };
		1D462FCA22A13BC100163625 /* rates2.json */ = {isa = PBXFileReference; fileEncoding = 4; lastKnownFileType = text.json; path = rates2.json; sourceTree = "<group>"; };
		1D462FCB22A13BC100163625 /* rates1.json */ = {isa = PBXFileReference; fileEncoding = 4; lastKnownFileType = text.json; path = rates1.json; sourceTree = "<group>"; };
		1D462FCC22A13BC100163625 /* transactions1.json */ = {isa = PBXFileReference; fileEncoding = 4; lastKnownFileType = text.json; path = transactions1.json; sourceTree = "<group>"; };
		1D462FCD22A13BC100163625 /* transactions2.json */ = {isa = PBXFileReference; fileEncoding = 4; lastKnownFileType = text.json; path = transactions2.json; sourceTree = "<group>"; };
/* End PBXFileReference section */

/* Begin PBXFrameworksBuildPhase section */
		1D462FAD22A13A8300163625 /* Frameworks */ = {
			isa = PBXFrameworksBuildPhase;
			buildActionMask = 2147483647;
			files = (
			);
			runOnlyForDeploymentPostprocessing = 0;
		};
/* End PBXFrameworksBuildPhase section */

/* Begin PBXGroup section */
		1D462FA722A13A8300163625 = {
			isa = PBXGroup;
			children = (
				1D462FC922A13BA700163625 /* Data */,
				1D462FB222A13A8300163625 /* passkey-assignment */,
				1D462FB122A13A8300163625 /* Products */,
			);
			sourceTree = "<group>";
		};
		1D462FB122A13A8300163625 /* Products */ = {
			isa = PBXGroup;
			children = (
				1D462FB022A13A8300163625 /* passkey-assignment.app */,
			);
			name = Products;
			sourceTree = "<group>";
		};
		1D462FB222A13A8300163625 /* passkey-assignment */ = {
			isa = PBXGroup;
			children = (
				1D462FB322A13A8300163625 /* AppDelegate.h */,
				1D462FB422A13A8300163625 /* AppDelegate.m */,
				1D462FB622A13A8300163625 /* ViewController.h */,
				1D462FB722A13A8300163625 /* ViewController.m */,
				1D462FB922A13A8300163625 /* Main.storyboard */,
				1D462FBC22A13A8600163625 /* Assets.xcassets */,
				1D462FBE22A13A8600163625 /* LaunchScreen.storyboard */,
				1D462FC122A13A8600163625 /* Info.plist */,
				1D462FC222A13A8600163625 /* main.m */,
			);
			path = "passkey-assignment";
			sourceTree = "<group>";
		};
		1D462FC922A13BA700163625 /* Data */ = {
			isa = PBXGroup;
			children = (
				1D462FCB22A13BC100163625 /* rates1.json */,
				1D462FCA22A13BC100163625 /* rates2.json */,
				1D462FCC22A13BC100163625 /* transactions1.json */,
				1D462FCD22A13BC100163625 /* transactions2.json */,
			);
			path = Data;
			sourceTree = "<group>";
		};
/* End PBXGroup section */

/* Begin PBXNativeTarget section */
		1D462FAF22A13A8300163625 /* passkey-assignment */ = {
			isa = PBXNativeTarget;
			buildConfigurationList = 1D462FC622A13A8600163625 /* Build configuration list for PBXNativeTarget "passkey-assignment" */;
			buildPhases = (
				1D462FAC22A13A8300163625 /* Sources */,
				1D462FAD22A13A8300163625 /* Frameworks */,
				1D462FAE22A13A8300163625 /* Resources */,
			);
			buildRules = (
			);
			dependencies = (
			);
			name = "passkey-assignment";
			productName = "passkey-assignment";
			productReference = 1D462FB022A13A8300163625 /* passkey-assignment.app */;
			productType = "com.apple.product-type.application";
		};
/* End PBXNativeTarget section */

/* Begin PBXProject section */
		1D462FA822A13A8300163625 /* Project object */ = {
			isa = PBXProject;
			attributes = {
				LastUpgradeCheck = 1020;
				ORGANIZATIONNAME = "Igor Pivnyk";
				TargetAttributes = {
					1D462FAF22A13A8300163625 = {
						CreatedOnToolsVersion = 10.2.1;
					};
				};
			};
			buildConfigurationList = 1D462FAB22A13A8300163625 /* Build configuration list for PBXProject "passkey-assignment" */;
			compatibilityVersion = "Xcode 9.3";
			developmentRegion = en;
			hasScannedForEncodings = 0;
			knownRegions = (
				en,
				Base,
			);
			mainGroup = 1D462FA722A13A8300163625;
			productRefGroup = 1D462FB122A13A8300163625 /* Products */;
			projectDirPath = "";
			projectRoot = "";
			targets = (
				1D462FAF22A13A8300163625 /* passkey-assignment */,
			);
		};
/* End PBXProject section */

/* Begin PBXResourcesBuildPhase section */
		1D462FAE22A13A8300163625 /* Resources */ = {
			isa = PBXResourcesBuildPhase;
			buildActionMask = 2147483647;
			files = (
				1D462FCE22A13BC100163625 /* rates2.json in Resources */,
				1D462FCF22A13BC100163625 /* rates1.json in Resources */,
				1D462FC022A13A8600163625 /* LaunchScreen.storyboard in Resources */,
				1D462FBD22A13A8600163625 /* Assets.xcassets in Resources */,
				1D462FD022A13BC100163625 /* transactions1.json in Resources */,
				1D462FBB22A13A8300163625 /* Main.storyboard in Resources */,
				1D462FD122A13BC100163625 /* transactions2.json in Resources */,
			);
			runOnlyForDeploymentPostprocessing = 0;
		};
/* End PBXResourcesBuildPhase section */

/* Begin PBXSourcesBuildPhase section */
		1D462FAC22A13A8300163625 /* Sources */ = {
			isa = PBXSourcesBuildPhase;
			buildActionMask = 2147483647;
			files = (
				1D462FB822A13A8300163625 /* ViewController.m in Sources */,
				1D462FC322A13A8600163625 /* main.m in Sources */,
				1D462FB522A13A8300163625 /* AppDelegate.m in Sources */,
			);
			runOnlyForDeploymentPostprocessing = 0;
		};
/* End PBXSourcesBuildPhase section */

/* Begin PBXVariantGroup section */
		1D462FB922A13A8300163625 /* Main.storyboard */ = {
			isa = PBXVariantGroup;
			children = (
				1D462FBA22A13A8300163625 /* Base */,
			);
			name = Main.storyboard;
			sourceTree = "<group>";
		};
		1D462FBE22A13A8600163625 /* LaunchScreen.storyboard */ = {
			isa = PBXVariantGroup;
			children = (
				1D462FBF22A13A8600163625 /* Base */,
			);
			name = LaunchScreen.storyboard;
			sourceTree = "<group>";
		};
/* End PBXVariantGroup section */

/* Begin XCBuildConfiguration section */
		1D462FC422A13A8600163625 /* Debug */ = {
			isa = XCBuildConfiguration;
			buildSettings = {
				ALWAYS_SEARCH_USER_PATHS = NO;
				CLANG_ANALYZER_NONNULL = YES;
				CLANG_ANALYZER_NUMBER_OBJECT_CONVERSION = YES_AGGRESSIVE;
				CLANG_CXX_LANGUAGE_STANDARD = "gnu++14";
				CLANG_CXX_LIBRARY = "libc++";
				CLANG_ENABLE_MODULES = YES;
				CLANG_ENABLE_OBJC_ARC = YES;
				CLANG_ENABLE_OBJC_WEAK = YES;
				CLANG_WARN_BLOCK_CAPTURE_AUTORELEASING = YES;
				CLANG_WARN_BOOL_CONVERSION = YES;
				CLANG_WARN_COMMA = YES;
				CLANG_WARN_CONSTANT_CONVERSION = YES;
				CLANG_WARN_DEPRECATED_OBJC_IMPLEMENTATIONS = YES;
				CLANG_WARN_DIRECT_OBJC_ISA_USAGE = YES_ERROR;
				CLANG_WARN_DOCUMENTATION_COMMENTS = YES;
				CLANG_WARN_EMPTY_BODY = YES;
				CLANG_WARN_ENUM_CONVERSION = YES;
				CLANG_WARN_INFINITE_RECURSION = YES;
				CLANG_WARN_INT_CONVERSION = YES;
				CLANG_WARN_NON_LITERAL_NULL_CONVERSION = YES;
				CLANG_WARN_OBJC_IMPLICIT_RETAIN_SELF = YES;
				CLANG_WARN_OBJC_LITERAL_CONVERSION = YES;
				CLANG_WARN_OBJC_ROOT_CLASS = YES_ERROR;
				CLANG_WARN_RANGE_LOOP_ANALYSIS = YES;
				CLANG_WARN_STRICT_PROTOTYPES = YES;
				CLANG_WARN_SUSPICIOUS_MOVE = YES;
				CLANG_WARN_UNGUARDED_AVAILABILITY = YES_AGGRESSIVE;
				CLANG_WARN_UNREACHABLE_CODE = YES;
				CLANG_WARN__DUPLICATE_METHOD_MATCH = YES;
				CODE_SIGN_IDENTITY = "iPhone Developer";
				COPY_PHASE_STRIP = NO;
				DEBUG_INFORMATION_FORMAT = dwarf;
				ENABLE_STRICT_OBJC_MSGSEND = YES;
				ENABLE_TESTABILITY = YES;
				GCC_C_LANGUAGE_STANDARD = gnu11;
				GCC_DYNAMIC_NO_PIC = NO;
				GCC_NO_COMMON_BLOCKS = YES;
				GCC_OPTIMIZATION_LEVEL = 0;
				GCC_PREPROCESSOR_DEFINITIONS = (
					"DEBUG=1",
					"$(inherited)",
				);
				GCC_WARN_64_TO_32_BIT_CONVERSION = YES;
				GCC_WARN_ABOUT_RETURN_TYPE = YES_ERROR;
				GCC_WARN_UNDECLARED_SELECTOR = YES;
				GCC_WARN_UNINITIALIZED_AUTOS = YES_AGGRESSIVE;
				GCC_WARN_UNUSED_FUNCTION = YES;
				GCC_WARN_UNUSED_VARIABLE = YES;
				IPHONEOS_DEPLOYMENT_TARGET = 12.2;
				MTL_ENABLE_DEBUG_INFO = INCLUDE_SOURCE;
				MTL_FAST_MATH = YES;
				ONLY_ACTIVE_ARCH = YES;
				SDKROOT = iphoneos;
			};
			name = Debug;
		};
		1D462FC522A13A8600163625 /* Release */ = {
			isa = XCBuildConfiguration;
			buildSettings = {
				ALWAYS_SEARCH_USER_PATHS = NO;
				CLANG_ANALYZER_NONNULL = YES;
				CLANG_ANALYZER_NUMBER_OBJECT_CONVERSION = YES_AGGRESSIVE;
				CLANG_CXX_LANGUAGE_STANDARD = "gnu++14";
				CLANG_CXX_LIBRARY = "libc++";
				CLANG_ENABLE_MODULES = YES;
				CLANG_ENABLE_OBJC_ARC = YES;
				CLANG_ENABLE_OBJC_WEAK = YES;
				CLANG_WARN_BLOCK_CAPTURE_AUTORELEASING = YES;
				CLANG_WARN_BOOL_CONVERSION = YES;
				CLANG_WARN_COMMA = YES;
				CLANG_WARN_CONSTANT_CONVERSION = YES;
				CLANG_WARN_DEPRECATED_OBJC_IMPLEMENTATIONS = YES;
				CLANG_WARN_DIRECT_OBJC_ISA_USAGE = YES_ERROR;
				CLANG_WARN_DOCUMENTATION_COMMENTS = YES;
				CLANG_WARN_EMPTY_BODY = YES;
				CLANG_WARN_ENUM_CONVERSION = YES;
				CLANG_WARN_INFINITE_RECURSION = YES;
				CLANG_WARN_INT_CONVERSION = YES;
				CLANG_WARN_NON_LITERAL_NULL_CONVERSION = YES;
				CLANG_WARN_OBJC_IMPLICIT_RETAIN_SELF = YES;
				CLANG_WARN_OBJC_LITERAL_CONVERSION = YES;
				CLANG_WARN_OBJC_ROOT_CLASS = YES_ERROR;
				CLANG_WARN_RANGE_LOOP_ANALYSIS = YES;
				CLANG_WARN_STRICT_PROTOTYPES = YES;
				CLANG_WARN_SUSPICIOUS_MOVE = YES;
				CLANG_WARN_UNGUARDED_AVAILABILITY = YES_AGGRESSIVE;
				CLANG_WARN_UNREACHABLE_CODE = YES;
				CLANG_WARN__DUPLICATE_METHOD_MATCH = YES;
				CODE_SIGN_IDENTITY = "iPhone Developer";
				COPY_PHASE_STRIP = NO;
				DEBUG_INFORMATION_FORMAT = "dwarf-with-dsym";
				ENABLE_NS_ASSERTIONS = NO;
				ENABLE_STRICT_OBJC_MSGSEND = YES;
				GCC_C_LANGUAGE_STANDARD = gnu11;
				GCC_NO_COMMON_BLOCKS = YES;
				GCC_WARN_64_TO_32_BIT_CONVERSION = YES;
				GCC_WARN_ABOUT_RETURN_TYPE = YES_ERROR;
				GCC_WARN_UNDECLARED_SELECTOR = YES;
				GCC_WARN_UNINITIALIZED_AUTOS = YES_AGGRESSIVE;
				GCC_WARN_UNUSED_FUNCTION = YES;
				GCC_WARN_UNUSED_VARIABLE = YES;
				IPHONEOS_DEPLOYMENT_TARGET = 12.2;
				MTL_ENABLE_DEBUG_INFO = NO;
				MTL_FAST_MATH = YES;
				SDKROOT = iphoneos;
				VALIDATE_PRODUCT = YES;
			};
			name = Release;
		};
		1D462FC722A13A8600163625 /* Debug */ = {
			isa = XCBuildConfiguration;
			buildSettings = {
				ASSETCATALOG_COMPILER_APPICON_NAME = AppIcon;
				CODE_SIGN_STYLE = Automatic;
				DEVELOPMENT_TEAM = FCLYBXX3KC;
				INFOPLIST_FILE = "passkey-assignment/Info.plist";
				IPHONEOS_DEPLOYMENT_TARGET = 12.0;
				LD_RUNPATH_SEARCH_PATHS = (
					"$(inherited)",
					"@executable_path/Frameworks",
				);
				PRODUCT_BUNDLE_IDENTIFIER = "comp.passkey-assignment";
				PRODUCT_NAME = "$(TARGET_NAME)";
				TARGETED_DEVICE_FAMILY = 1;
			};
			name = Debug;
		};
		1D462FC822A13A8600163625 /* Release */ = {
			isa = XCBuildConfiguration;
			buildSettings = {
				ASSETCATALOG_COMPILER_APPICON_NAME = AppIcon;
				CODE_SIGN_STYLE = Automatic;
				DEVELOPMENT_TEAM = FCLYBXX3KC;
				INFOPLIST_FILE = "passkey-assignment/Info.plist";
				IPHONEOS_DEPLOYMENT_TARGET = 12.0;
				LD_RUNPATH_SEARCH_PATHS = (
					"$(inherited)",
					"@executable_path/Frameworks",
				);
				PRODUCT_BUNDLE_IDENTIFIER = "comp.passkey-assignment";
				PRODUCT_NAME = "$(TARGET_NAME)";
				TARGETED_DEVICE_FAMILY = 1;
			};
			name = Release;
		};
/* End XCBuildConfiguration section */

/* Begin XCConfigurationList section */
		1D462FAB22A13A8300163625 /* Build configuration list for PBXProject "passkey-assignment" */ = {
			isa = XCConfigurationList;
			buildConfigurations = (
				1D462FC422A13A8600163625 /* Debug */,
				1D462FC522A13A8600163625 /* Release */,
			);
			defaultConfigurationIsVisible = 0;
			defaultConfigurationName = Release;
		};
		1D462FC622A13A8600163625 /* Build configuration list for PBXNativeTarget "passkey-assignment" */ = {
			isa = XCConfigurationList;
			buildConfigurations = (
				1D462FC722A13A8600163625 /* Debug */,
				1D462FC822A13A8600163625 /* Release */,
			);
			defaultConfigurationIsVisible = 0;
			defaultConfigurationName = Release;
		};
/* End XCConfigurationList section */
	};
	rootObject = 1D462FA822A13A8300163625 /* Project object */;
}
